
Microsoft Visual Studio Solution File, Format Version 12.00
# Visual Studio Version 17
VisualStudioVersion = 17.9.34723.18
MinimumVisualStudioVersion = 10.0.40219.1
Project("{9A19103F-16F7-4668-BE54-9A1E7A4F7556}") = "Domain", "..\Domen\Domain.csproj", "{B7573D5B-420B-4F92-9A9C-FF6536E1920F}"
EndProject
Project("{9A19103F-16F7-4668-BE54-9A1E7A4F7556}") = "TestDomen", "..\TestDomen\TestDomen.csproj", "{ABF97B6D-D559-4169-B4CC-044C96EF6FB9}"
EndProject
Global
	GlobalSection(SolutionConfigurationPlatforms) = preSolution
		Debug|Any CPU = Debug|Any CPU
		Release|Any CPU = Release|Any CPU
	EndGlobalSection
	GlobalSection(ProjectConfigurationPlatforms) = postSolution
		{B7573D5B-420B-4F92-9A9C-FF6536E1920F}.Debug|Any CPU.ActiveCfg = Debug|Any CPU
		{B7573D5B-420B-4F92-9A9C-FF6536E1920F}.Debug|Any CPU.Build.0 = Debug|Any CPU
		{B7573D5B-420B-4F92-9A9C-FF6536E1920F}.Release|Any CPU.ActiveCfg = Release|Any CPU
		{B7573D5B-420B-4F92-9A9C-FF6536E1920F}.Release|Any CPU.Build.0 = Release|Any CPU
		{ABF97B6D-D559-4169-B4CC-044C96EF6FB9}.Debug|Any CPU.ActiveCfg = Debug|Any CPU
		{ABF97B6D-D559-4169-B4CC-044C96EF6FB9}.Debug|Any CPU.Build.0 = Debug|Any CPU
		{ABF97B6D-D559-4169-B4CC-044C96EF6FB9}.Release|Any CPU.ActiveCfg = Release|Any CPU
		{ABF97B6D-D559-4169-B4CC-044C96EF6FB9}.Release|Any CPU.Build.0 = Release|Any CPU
	EndGlobalSection
	GlobalSection(SolutionProperties) = preSolution
		HideSolutionNode = FALSE
	EndGlobalSection
	GlobalSection(ExtensibilityGlobals) = postSolution
		SolutionGuid = {A9F48007-FD1F-4B69-9917-2F68D57BE200}
	EndGlobalSection
EndGlobal
